
Microsoft Visual Studio Solution File, Format Version 12.00
# Visual Studio Version 17
VisualStudioVersion = 17.0.31903.59
MinimumVisualStudioVersion = 10.0.40219.1
Project("{2150E333-8FDC-42A3-9474-1A3956D46DE8}") = "source", "source", "{A10C7BE1-0537-488D-BC73-0B3D08FAA44A}"
EndProject
Project("{FAE04EC0-301F-11D3-BF4B-00C04F79EFBC}") = "Snake", "source\Snake\Snake.csproj", "{AD484BF8-F46F-4B83-8BDE-70EF4C675289}"
EndProject
Global
	GlobalSection(SolutionConfigurationPlatforms) = preSolution
		Debug|Any CPU = Debug|Any CPU
		Release|Any CPU = Release|Any CPU
	EndGlobalSection
	GlobalSection(SolutionProperties) = preSolution
		HideSolutionNode = FALSE
	EndGlobalSection
	GlobalSection(ProjectConfigurationPlatforms) = postSolution
		{AD484BF8-F46F-4B83-8BDE-70EF4C675289}.Debug|Any CPU.ActiveCfg = Debug|Any CPU
		{AD484BF8-F46F-4B83-8BDE-70EF4C675289}.Debug|Any CPU.Build.0 = Debug|Any CPU
		{AD484BF8-F46F-4B83-8BDE-70EF4C675289}.Release|Any CPU.ActiveCfg = Release|Any CPU
		{AD484BF8-F46F-4B83-8BDE-70EF4C675289}.Release|Any CPU.Build.0 = Release|Any CPU
	EndGlobalSection
	GlobalSection(NestedProjects) = preSolution
		{AD484BF8-F46F-4B83-8BDE-70EF4C675289} = {A10C7BE1-0537-488D-BC73-0B3D08FAA44A}
	EndGlobalSection
EndGlobal
